
Microsoft Visual Studio Solution File, Format Version 12.00
# Visual Studio Version 17
VisualStudioVersion = 17.5.002.0
MinimumVisualStudioVersion = 10.0.40219.1
Project("{9A19103F-16F7-4668-BE54-9A1E7A4F7556}") = "APL2003", "APL2003\APL2003.csproj", "{1E575A53-B404-42AF-9D7D-87725FA646FF}"
EndProject
Global
	GlobalSection(SolutionConfigurationPlatforms) = preSolution
		Debug|Any CPU = Debug|Any CPU
		Release|Any CPU = Release|Any CPU
	EndGlobalSection
	GlobalSection(ProjectConfigurationPlatforms) = postSolution
		{1E575A53-B404-42AF-9D7D-87725FA646FF}.Debug|Any CPU.ActiveCfg = Debug|Any CPU
		{1E575A53-B404-42AF-9D7D-87725FA646FF}.Debug|Any CPU.Build.0 = Debug|Any CPU
		{1E575A53-B404-42AF-9D7D-87725FA646FF}.Release|Any CPU.ActiveCfg = Release|Any CPU
		{1E575A53-B404-42AF-9D7D-87725FA646FF}.Release|Any CPU.Build.0 = Release|Any CPU
	EndGlobalSection
	GlobalSection(SolutionProperties) = preSolution
		HideSolutionNode = FALSE
	EndGlobalSection
	GlobalSection(ExtensibilityGlobals) = postSolution
		SolutionGuid = {43B38C2E-EABC-41F2-B410-1EB213AF64FC}
	EndGlobalSection
EndGlobal
